
Microsoft Visual Studio Solution File, Format Version 12.00
# Visual Studio Version 16
VisualStudioVersion = 16.0.30717.126
MinimumVisualStudioVersion = 10.0.40219.1
Project("{FAE04EC0-301F-11D3-BF4B-00C04F79EFBC}") = "Bibliotheek", "Bibliotheek\Bibliotheek.csproj", "{CEFFDDCB-60A8-4751-A74E-DE6FA0FA05E0}"
EndProject
Project("{FAE04EC0-301F-11D3-BF4B-00C04F79EFBC}") = "BibliotheekUI", "Boek\BibliotheekUI.csproj", "{9E851495-D3B4-4565-B3E7-7B28F5E0A69D}"
EndProject
Global
	GlobalSection(SolutionConfigurationPlatforms) = preSolution
		Debug|Any CPU = Debug|Any CPU
		Release|Any CPU = Release|Any CPU
	EndGlobalSection
	GlobalSection(ProjectConfigurationPlatforms) = postSolution
		{CEFFDDCB-60A8-4751-A74E-DE6FA0FA05E0}.Debug|Any CPU.ActiveCfg = Debug|Any CPU
		{CEFFDDCB-60A8-4751-A74E-DE6FA0FA05E0}.Debug|Any CPU.Build.0 = Debug|Any CPU
		{CEFFDDCB-60A8-4751-A74E-DE6FA0FA05E0}.Release|Any CPU.ActiveCfg = Release|Any CPU
		{CEFFDDCB-60A8-4751-A74E-DE6FA0FA05E0}.Release|Any CPU.Build.0 = Release|Any CPU
		{9E851495-D3B4-4565-B3E7-7B28F5E0A69D}.Debug|Any CPU.ActiveCfg = Debug|Any CPU
		{9E851495-D3B4-4565-B3E7-7B28F5E0A69D}.Debug|Any CPU.Build.0 = Debug|Any CPU
		{9E851495-D3B4-4565-B3E7-7B28F5E0A69D}.Release|Any CPU.ActiveCfg = Release|Any CPU
		{9E851495-D3B4-4565-B3E7-7B28F5E0A69D}.Release|Any CPU.Build.0 = Release|Any CPU
	EndGlobalSection
	GlobalSection(SolutionProperties) = preSolution
		HideSolutionNode = FALSE
	EndGlobalSection
	GlobalSection(ExtensibilityGlobals) = postSolution
		SolutionGuid = {E9CA52B0-91DC-4211-BFB8-C76535B4C3DE}
	EndGlobalSection
EndGlobal
